{
  "lib/account-abstraction": {
    "branch": {
      "name": "develop",
      "rev": "cc3893bcaf2272c163ce89d5eb9eadb8e6b52db7"
    }
  },
  "lib/forge-std": {
    "rev": "f46d8301cf732f4f83846565aa475628265e51e0"
  },
  "lib/halmos-cheatcodes": {
    "rev": "6da4e692c357ba6d641a2e677a28298cac9f76ab"
  },
  "lib/openzeppelin-contracts": {
    "tag": {
      "name": "v5.4.0",
      "rev": "c64a1edb67b6e3f4a15cca8909c9482ad33a02b0"
    }
  },
  "lib/solady": {
    "tag": {
      "name": "v0.1.19",
      "rev": "b609a9c79ce541c2beca7a7d247665e7c93942a3"
    }
  }
}